
Microsoft Visual Studio Solution File, Format Version 12.00
Project("{2150E333-8FDC-42A3-9474-1A3956D46DE8}") = "Application", "Application", "{89964F6A-18C1-4C82-9A87-8AECC5A34E7B}"
EndProject
Project("{2150E333-8FDC-42A3-9474-1A3956D46DE8}") = "Infrastructure", "Infrastructure", "{CADE00FA-8FC5-446A-BC1F-F711FD1950F1}"
EndProject
Project("{2150E333-8FDC-42A3-9474-1A3956D46DE8}") = "Domain", "Domain", "{D9E3CB65-BD7F-4CED-893F-288B0DD5F352}"
EndProject
Project("{FAE04EC0-301F-11D3-BF4B-00C04F79EFBC}") = "PSL.Infrastructure", "PSL.Infrastructure\PSL.Infrastructure.csproj", "{1684AAD5-053A-4D67-A5E4-9A17B1781535}"
EndProject
Project("{FAE04EC0-301F-11D3-BF4B-00C04F79EFBC}") = "PSL.Infrastructure.Data", "PSL.Infrastructure.Data\PSL.Infrastructure.Data.csproj", "{3A383236-98AE-43A4-ACBF-65749FF7CFC2}"
EndProject
Project("{FAE04EC0-301F-11D3-BF4B-00C04F79EFBC}") = "PSL.Infrastructure.DI", "PSL.Infrastructure.DI\PSL.Infrastructure.DI.csproj", "{9E088028-C693-4CA3-8F4A-AABD44842880}"
EndProject
Project("{FAE04EC0-301F-11D3-BF4B-00C04F79EFBC}") = "PSL.Domain", "PSL.Domain\PSL.Domain.csproj", "{2FA6642B-4B96-4AA4-BF93-00DE303D1BB0}"
EndProject
Project("{FAE04EC0-301F-11D3-BF4B-00C04F79EFBC}") = "PSL.Application", "PSL.Application\PSL.Application.csproj", "{93D9EDBF-E6FF-4C8C-8F63-7C3BAFDE40D0}"
EndProject
Project("{2150E333-8FDC-42A3-9474-1A3956D46DE8}") = "Api", "Api", "{1479490C-BFA6-4C2B-B5DF-17659C5E7FEC}"
EndProject
Project("{FAE04EC0-301F-11D3-BF4B-00C04F79EFBC}") = "PSL.Api", "PSL.Api\PSL.Api.csproj", "{018BB2C1-3273-4DC4-AAEA-F2611DFBFC65}"
EndProject
Global
	GlobalSection(SolutionConfigurationPlatforms) = preSolution
		Debug|Any CPU = Debug|Any CPU
		Release|Any CPU = Release|Any CPU
	EndGlobalSection
	GlobalSection(NestedProjects) = preSolution
		{1684AAD5-053A-4D67-A5E4-9A17B1781535} = {CADE00FA-8FC5-446A-BC1F-F711FD1950F1}
		{3A383236-98AE-43A4-ACBF-65749FF7CFC2} = {CADE00FA-8FC5-446A-BC1F-F711FD1950F1}
		{9E088028-C693-4CA3-8F4A-AABD44842880} = {CADE00FA-8FC5-446A-BC1F-F711FD1950F1}
		{2FA6642B-4B96-4AA4-BF93-00DE303D1BB0} = {D9E3CB65-BD7F-4CED-893F-288B0DD5F352}
		{93D9EDBF-E6FF-4C8C-8F63-7C3BAFDE40D0} = {89964F6A-18C1-4C82-9A87-8AECC5A34E7B}
		{018BB2C1-3273-4DC4-AAEA-F2611DFBFC65} = {1479490C-BFA6-4C2B-B5DF-17659C5E7FEC}
	EndGlobalSection
	GlobalSection(ProjectConfigurationPlatforms) = postSolution
		{1684AAD5-053A-4D67-A5E4-9A17B1781535}.Debug|Any CPU.ActiveCfg = Debug|Any CPU
		{1684AAD5-053A-4D67-A5E4-9A17B1781535}.Debug|Any CPU.Build.0 = Debug|Any CPU
		{1684AAD5-053A-4D67-A5E4-9A17B1781535}.Release|Any CPU.ActiveCfg = Release|Any CPU
		{1684AAD5-053A-4D67-A5E4-9A17B1781535}.Release|Any CPU.Build.0 = Release|Any CPU
		{3A383236-98AE-43A4-ACBF-65749FF7CFC2}.Debug|Any CPU.ActiveCfg = Debug|Any CPU
		{3A383236-98AE-43A4-ACBF-65749FF7CFC2}.Debug|Any CPU.Build.0 = Debug|Any CPU
		{3A383236-98AE-43A4-ACBF-65749FF7CFC2}.Release|Any CPU.ActiveCfg = Release|Any CPU
		{3A383236-98AE-43A4-ACBF-65749FF7CFC2}.Release|Any CPU.Build.0 = Release|Any CPU
		{9E088028-C693-4CA3-8F4A-AABD44842880}.Debug|Any CPU.ActiveCfg = Debug|Any CPU
		{9E088028-C693-4CA3-8F4A-AABD44842880}.Debug|Any CPU.Build.0 = Debug|Any CPU
		{9E088028-C693-4CA3-8F4A-AABD44842880}.Release|Any CPU.ActiveCfg = Release|Any CPU
		{9E088028-C693-4CA3-8F4A-AABD44842880}.Release|Any CPU.Build.0 = Release|Any CPU
		{2FA6642B-4B96-4AA4-BF93-00DE303D1BB0}.Debug|Any CPU.ActiveCfg = Debug|Any CPU
		{2FA6642B-4B96-4AA4-BF93-00DE303D1BB0}.Debug|Any CPU.Build.0 = Debug|Any CPU
		{2FA6642B-4B96-4AA4-BF93-00DE303D1BB0}.Release|Any CPU.ActiveCfg = Release|Any CPU
		{2FA6642B-4B96-4AA4-BF93-00DE303D1BB0}.Release|Any CPU.Build.0 = Release|Any CPU
		{93D9EDBF-E6FF-4C8C-8F63-7C3BAFDE40D0}.Debug|Any CPU.ActiveCfg = Debug|Any CPU
		{93D9EDBF-E6FF-4C8C-8F63-7C3BAFDE40D0}.Debug|Any CPU.Build.0 = Debug|Any CPU
		{93D9EDBF-E6FF-4C8C-8F63-7C3BAFDE40D0}.Release|Any CPU.ActiveCfg = Release|Any CPU
		{93D9EDBF-E6FF-4C8C-8F63-7C3BAFDE40D0}.Release|Any CPU.Build.0 = Release|Any CPU
		{018BB2C1-3273-4DC4-AAEA-F2611DFBFC65}.Debug|Any CPU.ActiveCfg = Debug|Any CPU
		{018BB2C1-3273-4DC4-AAEA-F2611DFBFC65}.Debug|Any CPU.Build.0 = Debug|Any CPU
		{018BB2C1-3273-4DC4-AAEA-F2611DFBFC65}.Release|Any CPU.ActiveCfg = Release|Any CPU
		{018BB2C1-3273-4DC4-AAEA-F2611DFBFC65}.Release|Any CPU.Build.0 = Release|Any CPU
	EndGlobalSection
EndGlobal
